// !$*UTF8*$!
{
	archiveVersion = 1;
	classes = {
	};
	objectVersion = 56;
	objects = {

/* Begin PBXBuildFile section */
		0E85724409CF6BAB2329821F /* Pods_Chat_app.framework in Frameworks */ = {isa = PBXBuildFile; fileRef = 77734DAAC1132179A55337D3 /* Pods_Chat_app.framework */; };
		4682158329902BD600D06086 /* AppDelegate.swift in Sources */ = {isa = PBXBuildFile; fileRef = 4682158229902BD600D06086 /* AppDelegate.swift */; };
		4682158529902BD600D06086 /* SceneDelegate.swift in Sources */ = {isa = PBXBuildFile; fileRef = 4682158429902BD600D06086 /* SceneDelegate.swift */; };
		4682158729902BD600D06086 /* LoginViewController.swift in Sources */ = {isa = PBXBuildFile; fileRef = 4682158629902BD600D06086 /* LoginViewController.swift */; };
		4682158C29902BD900D06086 /* Assets.xcassets in Resources */ = {isa = PBXBuildFile; fileRef = 4682158B29902BD900D06086 /* Assets.xcassets */; };
		4682158F29902BD900D06086 /* LaunchScreen.storyboard in Resources */ = {isa = PBXBuildFile; fileRef = 4682158D29902BD900D06086 /* LaunchScreen.storyboard */; };
		46B7D8D22994B401006446BF /* SettingsVC.swift in Sources */ = {isa = PBXBuildFile; fileRef = 46B7D8D12994B401006446BF /* SettingsVC.swift */; };
		46B7D8D42994B47E006446BF /* TabBarVC.swift in Sources */ = {isa = PBXBuildFile; fileRef = 46B7D8D32994B47E006446BF /* TabBarVC.swift */; };
		46F49DCC29921952002B9860 /* ChatManager.swift in Sources */ = {isa = PBXBuildFile; fileRef = 46F49DCB29921952002B9860 /* ChatManager.swift */; };
/* End PBXBuildFile section */

/* Begin PBXFileReference section */
		2EB842E7D9783C42E741B363 /* Pods-Chat app.debug.xcconfig */ = {isa = PBXFileReference; includeInIndex = 1; lastKnownFileType = text.xcconfig; name = "Pods-Chat app.debug.xcconfig"; path = "Target Support Files/Pods-Chat app/Pods-Chat app.debug.xcconfig"; sourceTree = "<group>"; };
		4682157F29902BD600D06086 /* Chat app.app */ = {isa = PBXFileReference; explicitFileType = wrapper.application; includeInIndex = 0; path = "Chat app.app"; sourceTree = BUILT_PRODUCTS_DIR; };
		4682158229902BD600D06086 /* AppDelegate.swift */ = {isa = PBXFileReference; lastKnownFileType = sourcecode.swift; path = AppDelegate.swift; sourceTree = "<group>"; };
		4682158429902BD600D06086 /* SceneDelegate.swift */ = {isa = PBXFileReference; lastKnownFileType = sourcecode.swift; path = SceneDelegate.swift; sourceTree = "<group>"; };
		4682158629902BD600D06086 /* LoginViewController.swift */ = {isa = PBXFileReference; lastKnownFileType = sourcecode.swift; path = LoginViewController.swift; sourceTree = "<group>"; };
		4682158B29902BD900D06086 /* Assets.xcassets */ = {isa = PBXFileReference; lastKnownFileType = folder.assetcatalog; path = Assets.xcassets; sourceTree = "<group>"; };
		4682158E29902BD900D06086 /* Base */ = {isa = PBXFileReference; lastKnownFileType = file.storyboard; name = Base; path = Base.lproj/LaunchScreen.storyboard; sourceTree = "<group>"; };
		4682159029902BD900D06086 /* Info.plist */ = {isa = PBXFileReference; lastKnownFileType = text.plist.xml; path = Info.plist; sourceTree = "<group>"; };
		46B7D8D12994B401006446BF /* SettingsVC.swift */ = {isa = PBXFileReference; lastKnownFileType = sourcecode.swift; path = SettingsVC.swift; sourceTree = "<group>"; };
		46B7D8D32994B47E006446BF /* TabBarVC.swift */ = {isa = PBXFileReference; lastKnownFileType = sourcecode.swift; path = TabBarVC.swift; sourceTree = "<group>"; };
		46F49DCB29921952002B9860 /* ChatManager.swift */ = {isa = PBXFileReference; lastKnownFileType = sourcecode.swift; path = ChatManager.swift; sourceTree = "<group>"; };
		77734DAAC1132179A55337D3 /* Pods_Chat_app.framework */ = {isa = PBXFileReference; explicitFileType = wrapper.framework; includeInIndex = 0; path = Pods_Chat_app.framework; sourceTree = BUILT_PRODUCTS_DIR; };
		8B454AC0080256AC90FADB44 /* Pods-Chat app.release.xcconfig */ = {isa = PBXFileReference; includeInIndex = 1; lastKnownFileType = text.xcconfig; name = "Pods-Chat app.release.xcconfig"; path = "Target Support Files/Pods-Chat app/Pods-Chat app.release.xcconfig"; sourceTree = "<group>"; };
/* End PBXFileReference section */

/* Begin PBXFrameworksBuildPhase section */
		4682157C29902BD600D06086 /* Frameworks */ = {
			isa = PBXFrameworksBuildPhase;
			buildActionMask = 2147483647;
			files = (
				0E85724409CF6BAB2329821F /* Pods_Chat_app.framework in Frameworks */,
			);
			runOnlyForDeploymentPostprocessing = 0;
		};
/* End PBXFrameworksBuildPhase section */

/* Begin PBXGroup section */
		4682157629902BD600D06086 = {
			isa = PBXGroup;
			children = (
				4682158129902BD600D06086 /* Chat app */,
				4682158029902BD600D06086 /* Products */,
				E3A4C17CD2E3199E8A712925 /* Pods */,
				954A1593807C47AAF3475037 /* Frameworks */,
			);
			sourceTree = "<group>";
		};
		4682158029902BD600D06086 /* Products */ = {
			isa = PBXGroup;
			children = (
				4682157F29902BD600D06086 /* Chat app.app */,
			);
			name = Products;
			sourceTree = "<group>";
		};
		4682158129902BD600D06086 /* Chat app */ = {
			isa = PBXGroup;
			children = (
				46F49DC5299107AD002B9860 /* Supporting File */,
				46F49DC8299129D2002B9860 /* Managers */,
				46F49DC9299129DE002B9860 /* Models */,
				46F49DCA299129F1002B9860 /* Views */,
				46F49DC6299107BE002B9860 /* Controllers */,
				4682159029902BD900D06086 /* Info.plist */,
			);
			path = "Chat app";
			sourceTree = "<group>";
		};
		46F49DC5299107AD002B9860 /* Supporting File */ = {
			isa = PBXGroup;
			children = (
				4682158D29902BD900D06086 /* LaunchScreen.storyboard */,
				4682158B29902BD900D06086 /* Assets.xcassets */,
				4682158229902BD600D06086 /* AppDelegate.swift */,
				4682158429902BD600D06086 /* SceneDelegate.swift */,
			);
			path = "Supporting File";
			sourceTree = "<group>";
		};
		46F49DC6299107BE002B9860 /* Controllers */ = {
			isa = PBXGroup;
			children = (
				4682158629902BD600D06086 /* LoginViewController.swift */,
				46B7D8D12994B401006446BF /* SettingsVC.swift */,
				46B7D8D32994B47E006446BF /* TabBarVC.swift */,
			);
			path = Controllers;
			sourceTree = "<group>";
		};
		46F49DC8299129D2002B9860 /* Managers */ = {
			isa = PBXGroup;
			children = (
				46F49DCB29921952002B9860 /* ChatManager.swift */,
			);
			path = Managers;
			sourceTree = "<group>";
		};
		46F49DC9299129DE002B9860 /* Models */ = {
			isa = PBXGroup;
			children = (
			);
			path = Models;
			sourceTree = "<group>";
		};
		46F49DCA299129F1002B9860 /* Views */ = {
			isa = PBXGroup;
			children = (
			);
			path = Views;
			sourceTree = "<group>";
		};
		954A1593807C47AAF3475037 /* Frameworks */ = {
			isa = PBXGroup;
			children = (
				77734DAAC1132179A55337D3 /* Pods_Chat_app.framework */,
			);
			name = Frameworks;
			sourceTree = "<group>";
		};
		E3A4C17CD2E3199E8A712925 /* Pods */ = {
			isa = PBXGroup;
			children = (
				2EB842E7D9783C42E741B363 /* Pods-Chat app.debug.xcconfig */,
				8B454AC0080256AC90FADB44 /* Pods-Chat app.release.xcconfig */,
			);
			path = Pods;
			sourceTree = "<group>";
		};
/* End PBXGroup section */

/* Begin PBXNativeTarget section */
		4682157E29902BD600D06086 /* Chat app */ = {
			isa = PBXNativeTarget;
			buildConfigurationList = 4682159329902BD900D06086 /* Build configuration list for PBXNativeTarget "Chat app" */;
			buildPhases = (
				A62D48CC36EEDCD460D8E49F /* [CP] Check Pods Manifest.lock */,
				4682157B29902BD600D06086 /* Sources */,
				4682157C29902BD600D06086 /* Frameworks */,
				4682157D29902BD600D06086 /* Resources */,
				8DAAEDE17F746AEA740FC99B /* [CP] Embed Pods Frameworks */,
			);
			buildRules = (
			);
			dependencies = (
			);
			name = "Chat app";
			productName = "Chat app";
			productReference = 4682157F29902BD600D06086 /* Chat app.app */;
			productType = "com.apple.product-type.application";
		};
/* End PBXNativeTarget section */

/* Begin PBXProject section */
		4682157729902BD600D06086 /* Project object */ = {
			isa = PBXProject;
			attributes = {
				BuildIndependentTargetsInParallel = 1;
				LastSwiftUpdateCheck = 1420;
				LastUpgradeCheck = 1420;
				TargetAttributes = {
					4682157E29902BD600D06086 = {
						CreatedOnToolsVersion = 14.2;
					};
				};
			};
			buildConfigurationList = 4682157A29902BD600D06086 /* Build configuration list for PBXProject "Chat app" */;
			compatibilityVersion = "Xcode 14.0";
			developmentRegion = en;
			hasScannedForEncodings = 0;
			knownRegions = (
				en,
				Base,
			);
			mainGroup = 4682157629902BD600D06086;
			productRefGroup = 4682158029902BD600D06086 /* Products */;
			projectDirPath = "";
			projectRoot = "";
			targets = (
				4682157E29902BD600D06086 /* Chat app */,
			);
		};
/* End PBXProject section */

/* Begin PBXResourcesBuildPhase section */
		4682157D29902BD600D06086 /* Resources */ = {
			isa = PBXResourcesBuildPhase;
			buildActionMask = 2147483647;
			files = (
				4682158F29902BD900D06086 /* LaunchScreen.storyboard in Resources */,
				4682158C29902BD900D06086 /* Assets.xcassets in Resources */,
			);
			runOnlyForDeploymentPostprocessing = 0;
		};
/* End PBXResourcesBuildPhase section */

/* Begin PBXShellScriptBuildPhase section */
		8DAAEDE17F746AEA740FC99B /* [CP] Embed Pods Frameworks */ = {
			isa = PBXShellScriptBuildPhase;
			buildActionMask = 2147483647;
			files = (
			);
			inputFileListPaths = (
				"${PODS_ROOT}/Target Support Files/Pods-Chat app/Pods-Chat app-frameworks-${CONFIGURATION}-input-files.xcfilelist",
			);
			name = "[CP] Embed Pods Frameworks";
			outputFileListPaths = (
				"${PODS_ROOT}/Target Support Files/Pods-Chat app/Pods-Chat app-frameworks-${CONFIGURATION}-output-files.xcfilelist",
			);
			runOnlyForDeploymentPostprocessing = 0;
			shellPath = /bin/sh;
			shellScript = "\"${PODS_ROOT}/Target Support Files/Pods-Chat app/Pods-Chat app-frameworks.sh\"\n";
			showEnvVarsInLog = 0;
		};
		A62D48CC36EEDCD460D8E49F /* [CP] Check Pods Manifest.lock */ = {
			isa = PBXShellScriptBuildPhase;
			buildActionMask = 2147483647;
			files = (
			);
			inputFileListPaths = (
			);
			inputPaths = (
				"${PODS_PODFILE_DIR_PATH}/Podfile.lock",
				"${PODS_ROOT}/Manifest.lock",
			);
			name = "[CP] Check Pods Manifest.lock";
			outputFileListPaths = (
			);
			outputPaths = (
				"$(DERIVED_FILE_DIR)/Pods-Chat app-checkManifestLockResult.txt",
			);
			runOnlyForDeploymentPostprocessing = 0;
			shellPath = /bin/sh;
			shellScript = "diff \"${PODS_PODFILE_DIR_PATH}/Podfile.lock\" \"${PODS_ROOT}/Manifest.lock\" > /dev/null\nif [ $? != 0 ] ; then\n    # print error to STDERR\n    echo \"error: The sandbox is not in sync with the Podfile.lock. Run 'pod install' or update your CocoaPods installation.\" >&2\n    exit 1\nfi\n# This output is used by Xcode 'outputs' to avoid re-running this script phase.\necho \"SUCCESS\" > \"${SCRIPT_OUTPUT_FILE_0}\"\n";
			showEnvVarsInLog = 0;
		};
/* End PBXShellScriptBuildPhase section */

/* Begin PBXSourcesBuildPhase section */
		4682157B29902BD600D06086 /* Sources */ = {
			isa = PBXSourcesBuildPhase;
			buildActionMask = 2147483647;
			files = (
				4682158729902BD600D06086 /* LoginViewController.swift in Sources */,
				4682158329902BD600D06086 /* AppDelegate.swift in Sources */,
				4682158529902BD600D06086 /* SceneDelegate.swift in Sources */,
				46F49DCC29921952002B9860 /* ChatManager.swift in Sources */,
				46B7D8D42994B47E006446BF /* TabBarVC.swift in Sources */,
				46B7D8D22994B401006446BF /* SettingsVC.swift in Sources */,
			);
			runOnlyForDeploymentPostprocessing = 0;
		};
/* End PBXSourcesBuildPhase section */

/* Begin PBXVariantGroup section */
		4682158D29902BD900D06086 /* LaunchScreen.storyboard */ = {
			isa = PBXVariantGroup;
			children = (
				4682158E29902BD900D06086 /* Base */,
			);
			name = LaunchScreen.storyboard;
			sourceTree = "<group>";
		};
/* End PBXVariantGroup section */

/* Begin XCBuildConfiguration section */
		4682159129902BD900D06086 /* Debug */ = {
			isa = XCBuildConfiguration;
			buildSettings = {
				ALWAYS_SEARCH_USER_PATHS = NO;
				CLANG_ANALYZER_NONNULL = YES;
				CLANG_ANALYZER_NUMBER_OBJECT_CONVERSION = YES_AGGRESSIVE;
				CLANG_CXX_LANGUAGE_STANDARD = "gnu++20";
				CLANG_ENABLE_MODULES = YES;
				CLANG_ENABLE_OBJC_ARC = YES;
				CLANG_ENABLE_OBJC_WEAK = YES;
				CLANG_WARN_BLOCK_CAPTURE_AUTORELEASING = YES;
				CLANG_WARN_BOOL_CONVERSION = YES;
				CLANG_WARN_COMMA = YES;
				CLANG_WARN_CONSTANT_CONVERSION = YES;
				CLANG_WARN_DEPRECATED_OBJC_IMPLEMENTATIONS = YES;
				CLANG_WARN_DIRECT_OBJC_ISA_USAGE = YES_ERROR;
				CLANG_WARN_DOCUMENTATION_COMMENTS = YES;
				CLANG_WARN_EMPTY_BODY = YES;
				CLANG_WARN_ENUM_CONVERSION = YES;
				CLANG_WARN_INFINITE_RECURSION = YES;
				CLANG_WARN_INT_CONVERSION = YES;
				CLANG_WARN_NON_LITERAL_NULL_CONVERSION = YES;
				CLANG_WARN_OBJC_IMPLICIT_RETAIN_SELF = YES;
				CLANG_WARN_OBJC_LITERAL_CONVERSION = YES;
				CLANG_WARN_OBJC_ROOT_CLASS = YES_ERROR;
				CLANG_WARN_QUOTED_INCLUDE_IN_FRAMEWORK_HEADER = YES;
				CLANG_WARN_RANGE_LOOP_ANALYSIS = YES;
				CLANG_WARN_STRICT_PROTOTYPES = YES;
				CLANG_WARN_SUSPICIOUS_MOVE = YES;
				CLANG_WARN_UNGUARDED_AVAILABILITY = YES_AGGRESSIVE;
				CLANG_WARN_UNREACHABLE_CODE = YES;
				CLANG_WARN__DUPLICATE_METHOD_MATCH = YES;
				COPY_PHASE_STRIP = NO;
				DEBUG_INFORMATION_FORMAT = dwarf;
				ENABLE_STRICT_OBJC_MSGSEND = YES;
				ENABLE_TESTABILITY = YES;
				GCC_C_LANGUAGE_STANDARD = gnu11;
				GCC_DYNAMIC_NO_PIC = NO;
				GCC_NO_COMMON_BLOCKS = YES;
				GCC_OPTIMIZATION_LEVEL = 0;
				GCC_PREPROCESSOR_DEFINITIONS = (
					"DEBUG=1",
					"$(inherited)",
				);
				GCC_WARN_64_TO_32_BIT_CONVERSION = YES;
				GCC_WARN_ABOUT_RETURN_TYPE = YES_ERROR;
				GCC_WARN_UNDECLARED_SELECTOR = YES;
				GCC_WARN_UNINITIALIZED_AUTOS = YES_AGGRESSIVE;
				GCC_WARN_UNUSED_FUNCTION = YES;
				GCC_WARN_UNUSED_VARIABLE = YES;
				IPHONEOS_DEPLOYMENT_TARGET = 16.2;
				MTL_ENABLE_DEBUG_INFO = INCLUDE_SOURCE;
				MTL_FAST_MATH = YES;
				ONLY_ACTIVE_ARCH = YES;
				SDKROOT = iphoneos;
				SWIFT_ACTIVE_COMPILATION_CONDITIONS = DEBUG;
				SWIFT_OPTIMIZATION_LEVEL = "-Onone";
			};
			name = Debug;
		};
		4682159229902BD900D06086 /* Release */ = {
			isa = XCBuildConfiguration;
			buildSettings = {
				ALWAYS_SEARCH_USER_PATHS = NO;
				CLANG_ANALYZER_NONNULL = YES;
				CLANG_ANALYZER_NUMBER_OBJECT_CONVERSION = YES_AGGRESSIVE;
				CLANG_CXX_LANGUAGE_STANDARD = "gnu++20";
				CLANG_ENABLE_MODULES = YES;
				CLANG_ENABLE_OBJC_ARC = YES;
				CLANG_ENABLE_OBJC_WEAK = YES;
				CLANG_WARN_BLOCK_CAPTURE_AUTORELEASING = YES;
				CLANG_WARN_BOOL_CONVERSION = YES;
				CLANG_WARN_COMMA = YES;
				CLANG_WARN_CONSTANT_CONVERSION = YES;
				CLANG_WARN_DEPRECATED_OBJC_IMPLEMENTATIONS = YES;
				CLANG_WARN_DIRECT_OBJC_ISA_USAGE = YES_ERROR;
				CLANG_WARN_DOCUMENTATION_COMMENTS = YES;
				CLANG_WARN_EMPTY_BODY = YES;
				CLANG_WARN_ENUM_CONVERSION = YES;
				CLANG_WARN_INFINITE_RECURSION = YES;
				CLANG_WARN_INT_CONVERSION = YES;
				CLANG_WARN_NON_LITERAL_NULL_CONVERSION = YES;
				CLANG_WARN_OBJC_IMPLICIT_RETAIN_SELF = YES;
				CLANG_WARN_OBJC_LITERAL_CONVERSION = YES;
				CLANG_WARN_OBJC_ROOT_CLASS = YES_ERROR;
				CLANG_WARN_QUOTED_INCLUDE_IN_FRAMEWORK_HEADER = YES;
				CLANG_WARN_RANGE_LOOP_ANALYSIS = YES;
				CLANG_WARN_STRICT_PROTOTYPES = YES;
				CLANG_WARN_SUSPICIOUS_MOVE = YES;
				CLANG_WARN_UNGUARDED_AVAILABILITY = YES_AGGRESSIVE;
				CLANG_WARN_UNREACHABLE_CODE = YES;
				CLANG_WARN__DUPLICATE_METHOD_MATCH = YES;
				COPY_PHASE_STRIP = NO;
				DEBUG_INFORMATION_FORMAT = "dwarf-with-dsym";
				ENABLE_NS_ASSERTIONS = NO;
				ENABLE_STRICT_OBJC_MSGSEND = YES;
				GCC_C_LANGUAGE_STANDARD = gnu11;
				GCC_NO_COMMON_BLOCKS = YES;
				GCC_WARN_64_TO_32_BIT_CONVERSION = YES;
				GCC_WARN_ABOUT_RETURN_TYPE = YES_ERROR;
				GCC_WARN_UNDECLARED_SELECTOR = YES;
				GCC_WARN_UNINITIALIZED_AUTOS = YES_AGGRESSIVE;
				GCC_WARN_UNUSED_FUNCTION = YES;
				GCC_WARN_UNUSED_VARIABLE = YES;
				IPHONEOS_DEPLOYMENT_TARGET = 16.2;
				MTL_ENABLE_DEBUG_INFO = NO;
				MTL_FAST_MATH = YES;
				SDKROOT = iphoneos;
				SWIFT_COMPILATION_MODE = wholemodule;
				SWIFT_OPTIMIZATION_LEVEL = "-O";
				VALIDATE_PRODUCT = YES;
			};
			name = Release;
		};
		4682159429902BD900D06086 /* Debug */ = {
			isa = XCBuildConfiguration;
			baseConfigurationReference = 2EB842E7D9783C42E741B363 /* Pods-Chat app.debug.xcconfig */;
			buildSettings = {
				ASSETCATALOG_COMPILER_APPICON_NAME = AppIcon;
				ASSETCATALOG_COMPILER_GLOBAL_ACCENT_COLOR_NAME = AccentColor;
				CODE_SIGN_STYLE = Automatic;
				CURRENT_PROJECT_VERSION = 1;
				DEVELOPMENT_TEAM = L8GP8D8QVX;
				GENERATE_INFOPLIST_FILE = YES;
				INFOPLIST_FILE = "Chat app/Info.plist";
				INFOPLIST_KEY_UIApplicationSupportsIndirectInputEvents = YES;
				INFOPLIST_KEY_UILaunchStoryboardName = LaunchScreen;
				INFOPLIST_KEY_UISupportedInterfaceOrientations = UIInterfaceOrientationPortrait;
				INFOPLIST_KEY_UISupportedInterfaceOrientations_iPad = "UIInterfaceOrientationLandscapeLeft UIInterfaceOrientationLandscapeRight UIInterfaceOrientationPortrait UIInterfaceOrientationPortraitUpsideDown";
				LD_RUNPATH_SEARCH_PATHS = (
					"$(inherited)",
					"@executable_path/Frameworks",
				);
				MARKETING_VERSION = 1.0;
				PRODUCT_BUNDLE_IDENTIFIER = "com.rustam.Chat-app";
				PRODUCT_NAME = "$(TARGET_NAME)";
				SUPPORTED_PLATFORMS = "iphoneos iphonesimulator";
				SUPPORTS_MACCATALYST = NO;
				SUPPORTS_MAC_DESIGNED_FOR_IPHONE_IPAD = YES;
				SWIFT_EMIT_LOC_STRINGS = YES;
				SWIFT_VERSION = 5.0;
				TARGETED_DEVICE_FAMILY = 1;
			};
			name = Debug;
		};
		4682159529902BD900D06086 /* Release */ = {
			isa = XCBuildConfiguration;
			baseConfigurationReference = 8B454AC0080256AC90FADB44 /* Pods-Chat app.release.xcconfig */;
			buildSettings = {
				ASSETCATALOG_COMPILER_APPICON_NAME = AppIcon;
				ASSETCATALOG_COMPILER_GLOBAL_ACCENT_COLOR_NAME = AccentColor;
				CODE_SIGN_STYLE = Automatic;
				CURRENT_PROJECT_VERSION = 1;
				DEVELOPMENT_TEAM = L8GP8D8QVX;
				GENERATE_INFOPLIST_FILE = YES;
				INFOPLIST_FILE = "Chat app/Info.plist";
				INFOPLIST_KEY_UIApplicationSupportsIndirectInputEvents = YES;
				INFOPLIST_KEY_UILaunchStoryboardName = LaunchScreen;
				INFOPLIST_KEY_UISupportedInterfaceOrientations = UIInterfaceOrientationPortrait;
				INFOPLIST_KEY_UISupportedInterfaceOrientations_iPad = "UIInterfaceOrientationLandscapeLeft UIInterfaceOrientationLandscapeRight UIInterfaceOrientationPortrait UIInterfaceOrientationPortraitUpsideDown";
				LD_RUNPATH_SEARCH_PATHS = (
					"$(inherited)",
					"@executable_path/Frameworks",
				);
				MARKETING_VERSION = 1.0;
				PRODUCT_BUNDLE_IDENTIFIER = "com.rustam.Chat-app";
				PRODUCT_NAME = "$(TARGET_NAME)";
				SUPPORTED_PLATFORMS = "iphoneos iphonesimulator";
				SUPPORTS_MACCATALYST = NO;
				SUPPORTS_MAC_DESIGNED_FOR_IPHONE_IPAD = YES;
				SWIFT_EMIT_LOC_STRINGS = YES;
				SWIFT_VERSION = 5.0;
				TARGETED_DEVICE_FAMILY = 1;
			};
			name = Release;
		};
/* End XCBuildConfiguration section */

/* Begin XCConfigurationList section */
		4682157A29902BD600D06086 /* Build configuration list for PBXProject "Chat app" */ = {
			isa = XCConfigurationList;
			buildConfigurations = (
				4682159129902BD900D06086 /* Debug */,
				4682159229902BD900D06086 /* Release */,
			);
			defaultConfigurationIsVisible = 0;
			defaultConfigurationName = Release;
		};
		4682159329902BD900D06086 /* Build configuration list for PBXNativeTarget "Chat app" */ = {
			isa = XCConfigurationList;
			buildConfigurations = (
				4682159429902BD900D06086 /* Debug */,
				4682159529902BD900D06086 /* Release */,
			);
			defaultConfigurationIsVisible = 0;
			defaultConfigurationName = Release;
		};
/* End XCConfigurationList section */
	};
	rootObject = 4682157729902BD600D06086 /* Project object */;
}
